<?xml version="1.0" encoding="utf-8"?>
<Project ToolsVersion="4.0" xmlns="http://schemas.microsoft.com/developer/msbuild/2003">
  <ItemGroup>
    <ClCompile Include="source\Engine.cpp">
      <Filter>Source\CPP</Filter>
    </ClCompile>
    <ClCompile Include="source\CallContext.cpp">
      <Filter>Source\CPP</Filter>
    </ClCompile>
    <ClCompile Include="source/Module.cpp">
      <Filter>Source\CPP</Filter>
    </ClCompile>
    <ClCompile Include="source/Pch.cpp">
      <Filter>Source\CPP</Filter>
    </ClCompile>
    <ClCompile Include="source\Class.cpp">
      <Filter>Source\CPP</Filter>
    </ClCompile>
    <ClCompile Include="source\RefVar.cpp">
      <Filter>Source\CPP</Filter>
    </ClCompile>
    <ClCompile Include="source\Enum.cpp">
      <Filter>Source\CPP</Filter>
    </ClCompile>
    <ClCompile Include="source\Type.cpp">
      <Filter>Source\CPP</Filter>
    </ClCompile>
    <ClCompile Include="source\Function.cpp">
      <Filter>Source\CPP</Filter>
    </ClCompile>
    <ClCompile Include="source\Decompiler.cpp">
      <Filter>Source\CPP</Filter>
    </ClCompile>
    <ClCompile Include="source/Parser.cpp">
      <Filter>Source\CPP</Filter>
    </ClCompile>
    <ClCompile Include="source/CoreLib.cpp">
      <Filter>Source\CPP</Filter>
    </ClCompile>
    <ClCompile Include="source\Symbol.cpp">
      <Filter>Source\CPP</Filter>
    </ClCompile>
    <ClCompile Include="source\Member.cpp">
      <Filter>Source\CPP</Filter>
    </ClCompile>
    <ClCompile Include="source\Global.cpp">
      <Filter>Source\CPP</Filter>
    </ClCompile>
    <ClCompile Include="source\Object.cpp">
      <Filter>Source\CPP</Filter>
    </ClCompile>
  </ItemGroup>
  <ItemGroup>
    <ClInclude Include="include/cas/Cas.h">
      <Filter>Include</Filter>
    </ClInclude>
    <ClInclude Include="include/cas/IModule.h">
      <Filter>Include</Filter>
    </ClInclude>
    <ClInclude Include="include\cas\ICallContext.h">
      <Filter>Include</Filter>
    </ClInclude>
    <ClInclude Include="include\cas\IEngine.h">
      <Filter>Include</Filter>
    </ClInclude>
    <ClInclude Include="include\cas\Settings.h">
      <Filter>Include</Filter>
    </ClInclude>
    <ClInclude Include="source\Engine.h">
      <Filter>Source\H</Filter>
    </ClInclude>
    <ClInclude Include="source\CallContext.h">
      <Filter>Source\H</Filter>
    </ClInclude>
    <ClInclude Include="include\cas\Common.h">
      <Filter>Include</Filter>
    </ClInclude>
    <ClInclude Include="source/Module.h">
      <Filter>Source\H</Filter>
    </ClInclude>
    <ClInclude Include="source/Pch.h">
      <Filter>Source\H</Filter>
    </ClInclude>
    <ClInclude Include="include\cas\IType.h">
      <Filter>Include</Filter>
    </ClInclude>
    <ClInclude Include="include\cas\FunctionInfo.h">
      <Filter>Include</Filter>
    </ClInclude>
    <ClInclude Include="source/Op.h">
      <Filter>Source\H</Filter>
    </ClInclude>
    <ClInclude Include="source\Class.h">
      <Filter>Source\H</Filter>
    </ClInclude>
    <ClInclude Include="source/Type.h">
      <Filter>Source\H</Filter>
    </ClInclude>
    <ClInclude Include="source\ICallContextProxy.h">
      <Filter>Source\H</Filter>
    </ClInclude>
    <ClInclude Include="source\RefVar.h">
      <Filter>Source\H</Filter>
    </ClInclude>
    <ClInclude Include="source\Str.h">
      <Filter>Source\H</Filter>
    </ClInclude>
    <ClInclude Include="source\Var.h">
      <Filter>Source\H</Filter>
    </ClInclude>
    <ClInclude Include="source\StackFrame.h">
      <Filter>Source\H</Filter>
    </ClInclude>
    <ClInclude Include="source\VarType.h">
      <Filter>Source\H</Filter>
    </ClInclude>
    <ClInclude Include="source\AnyFunction.h">
      <Filter>Source\H</Filter>
    </ClInclude>
    <ClInclude Include="source\VarSource.h">
      <Filter>Source\H</Filter>
    </ClInclude>
    <ClInclude Include="source\Member.h">
      <Filter>Source\H</Filter>
    </ClInclude>
    <ClInclude Include="source\Enum.h">
      <Filter>Source\H</Filter>
    </ClInclude>
    <ClInclude Include="source\IModuleProxy.h">
      <Filter>Source\H</Filter>
    </ClInclude>
    <ClInclude Include="source\VectorOffset.h">
      <Filter>Source\H</Filter>
    </ClInclude>
    <ClInclude Include="source\CasException.h">
      <Filter>Source\H</Filter>
    </ClInclude>
    <ClInclude Include="source/Function.h">
      <Filter>Source\H</Filter>
    </ClInclude>
    <ClInclude Include="source\Event.h">
      <Filter>Source\H</Filter>
    </ClInclude>
    <ClInclude Include="source\Decompiler.h">
      <Filter>Source\H</Filter>
    </ClInclude>
    <ClInclude Include="source/Parser.h">
      <Filter>Source\H</Filter>
    </ClInclude>
    <ClInclude Include="source/ParserImpl.h">
      <Filter>Source\H</Filter>
    </ClInclude>
    <ClInclude Include="source\EventLogger.h">
      <Filter>Source\H</Filter>
    </ClInclude>
    <ClInclude Include="include\cas\IFunction.h">
      <Filter>Include</Filter>
    </ClInclude>
    <ClInclude Include="source\Symbol.h">
      <Filter>Source\H</Filter>
    </ClInclude>
    <ClInclude Include="include\cas\IMember.h">
      <Filter>Include</Filter>
    </ClInclude>
    <ClInclude Include="include\cas\IGlobal.h">
      <Filter>Include</Filter>
    </ClInclude>
    <ClInclude Include="source\Global.h">
      <Filter>Source\H</Filter>
    </ClInclude>
    <ClInclude Include="include\cas\FastFunc.h">
      <Filter>Include</Filter>
    </ClInclude>
    <ClInclude Include="include\cas\IObject.h">
      <Filter>Include</Filter>
    </ClInclude>
    <ClInclude Include="source\Object.h">
      <Filter>Source\H</Filter>
    </ClInclude>
  </ItemGroup>
  <ItemGroup>
    <Filter Include="Doc">
      <UniqueIdentifier>{f02a0e98-0fe8-432f-9708-ee3801106c44}</UniqueIdentifier>
    </Filter>
    <Filter Include="Include">
      <UniqueIdentifier>{9e908eac-4773-40a2-870a-c153f01624de}</UniqueIdentifier>
    </Filter>
    <Filter Include="Source">
      <UniqueIdentifier>{e151f593-22e9-43a0-9610-10f2de1718d9}</UniqueIdentifier>
    </Filter>
    <Filter Include="Source\CPP">
      <UniqueIdentifier>{5d4ebc83-891c-4152-a62e-404b8f0c4e46}</UniqueIdentifier>
    </Filter>
    <Filter Include="Source\H">
      <UniqueIdentifier>{d9b068c0-98bc-4d93-8471-e220087bdb32}</UniqueIdentifier>
    </Filter>
  </ItemGroup>
  <ItemGroup>
    <Text Include="scheme.txt">
      <Filter>Doc</Filter>
    </Text>
    <Text Include="todo.txt">
      <Filter>Doc</Filter>
    </Text>
    <Text Include="unlicense.txt">
      <Filter>Doc</Filter>
    </Text>
    <Text Include="doc\calling.txt">
      <Filter>Doc</Filter>
    </Text>
    <Text Include="doc\manual.txt">
      <Filter>Doc</Filter>
    </Text>
  </ItemGroup>
  <ItemGroup>
    <None Include="readme.md">
      <Filter>Doc</Filter>
    </None>
  </ItemGroup>
</Project>