<?xml version="1.0" encoding="utf-8"?>
<Project ToolsVersion="4.0" xmlns="http://schemas.microsoft.com/developer/msbuild/2003">
  <ItemGroup>
    <ClCompile Include="source/Cas.cpp">
      <Filter>Source</Filter>
    </ClCompile>
    <ClCompile Include="source/CoreLib.cpp">
      <Filter>Source</Filter>
    </ClCompile>
    <ClCompile Include="source/Decompile.cpp">
      <Filter>Source</Filter>
    </ClCompile>
    <ClCompile Include="source/Module.cpp">
      <Filter>Source</Filter>
    </ClCompile>
    <ClCompile Include="source/Parser.cpp">
      <Filter>Source</Filter>
    </ClCompile>
    <ClCompile Include="source/Pch.cpp">
      <Filter>Source</Filter>
    </ClCompile>
    <ClCompile Include="source/Run.cpp">
      <Filter>Source</Filter>
    </ClCompile>
    <ClCompile Include="source/RunModule.cpp">
      <Filter>Source</Filter>
    </ClCompile>
  </ItemGroup>
  <ItemGroup>
    <ClInclude Include="include/cas/Cas.h">
      <Filter>Include</Filter>
    </ClInclude>
    <ClInclude Include="include/cas/IModule.h">
      <Filter>Include</Filter>
    </ClInclude>
    <ClInclude Include="include/cas/ReturnValue.h">
      <Filter>Include</Filter>
    </ClInclude>
    <ClInclude Include="source/CasImpl.h">
      <Filter>Source</Filter>
    </ClInclude>
    <ClInclude Include="source/Function.h">
      <Filter>Source</Filter>
    </ClInclude>
    <ClInclude Include="source/Module.h">
      <Filter>Source</Filter>
    </ClInclude>
    <ClInclude Include="source/Op.h">
      <Filter>Source</Filter>
    </ClInclude>
    <ClInclude Include="source/Parser.h">
      <Filter>Source</Filter>
    </ClInclude>
    <ClInclude Include="source/ParserImpl.h">
      <Filter>Source</Filter>
    </ClInclude>
    <ClInclude Include="source/Pch.h">
      <Filter>Source</Filter>
    </ClInclude>
    <ClInclude Include="source/RunModule.h">
      <Filter>Source</Filter>
    </ClInclude>
    <ClInclude Include="source/Type.h">
      <Filter>Source</Filter>
    </ClInclude>
    <ClInclude Include="source\Run.h">
      <Filter>Source</Filter>
    </ClInclude>
    <ClInclude Include="source\Decompiler.h">
      <Filter>Source</Filter>
    </ClInclude>
    <ClInclude Include="include\cas\Vector.h">
      <Filter>Include</Filter>
    </ClInclude>
    <ClInclude Include="include\cas\Exception.h">
      <Filter>Include</Filter>
    </ClInclude>
  </ItemGroup>
  <ItemGroup>
    <Filter Include="Doc">
      <UniqueIdentifier>{f02a0e98-0fe8-432f-9708-ee3801106c44}</UniqueIdentifier>
    </Filter>
    <Filter Include="Include">
      <UniqueIdentifier>{9e908eac-4773-40a2-870a-c153f01624de}</UniqueIdentifier>
    </Filter>
    <Filter Include="Source">
      <UniqueIdentifier>{e151f593-22e9-43a0-9610-10f2de1718d9}</UniqueIdentifier>
    </Filter>
  </ItemGroup>
  <ItemGroup>
    <Text Include="scheme.txt">
      <Filter>Doc</Filter>
    </Text>
    <Text Include="todo.txt">
      <Filter>Doc</Filter>
    </Text>
    <Text Include="unlicense.txt">
      <Filter>Doc</Filter>
    </Text>
    <Text Include="doc\calling.txt">
      <Filter>Doc</Filter>
    </Text>
    <Text Include="doc\manual.txt">
      <Filter>Doc</Filter>
    </Text>
  </ItemGroup>
  <ItemGroup>
    <None Include="readme.md">
      <Filter>Doc</Filter>
    </None>
  </ItemGroup>
</Project>