
Microsoft Visual Studio Solution File, Format Version 12.00
# Visual Studio 14
VisualStudioVersion = 14.0.25123.0
MinimumVisualStudioVersion = 10.0.40219.1
Project("{8BC9CEB8-8B4A-11D0-8D11-00A0C91BC942}") = "cas", "cas.vcxproj", "{1AB03543-0E66-48CB-99FB-919B5C263BF7}"
EndProject
Project("{8BC9CEB8-8B4A-11D0-8D11-00A0C91BC942}") = "tests", "tests\tests.vcxproj", "{4487CD3E-18C7-4DEF-9A77-AD8D6D8EAE53}"
	ProjectSection(ProjectDependencies) = postProject
		{1AB03543-0E66-48CB-99FB-919B5C263BF7} = {1AB03543-0E66-48CB-99FB-919B5C263BF7}
	EndProjectSection
EndProject
Project("{8BC9CEB8-8B4A-11D0-8D11-00A0C91BC942}") = "runner", "runner\runner.vcxproj", "{30F73258-C5B5-42E5-B3A8-F5D85B79DAC1}"
	ProjectSection(ProjectDependencies) = postProject
		{1AB03543-0E66-48CB-99FB-919B5C263BF7} = {1AB03543-0E66-48CB-99FB-919B5C263BF7}
	EndProjectSection
EndProject
Global
	GlobalSection(SolutionConfigurationPlatforms) = preSolution
		Debug|x64 = Debug|x64
		Debug|x86 = Debug|x86
		Release|x64 = Release|x64
		Release|x86 = Release|x86
	EndGlobalSection
	GlobalSection(ProjectConfigurationPlatforms) = postSolution
		{1AB03543-0E66-48CB-99FB-919B5C263BF7}.Debug|x64.ActiveCfg = Debug|x64
		{1AB03543-0E66-48CB-99FB-919B5C263BF7}.Debug|x64.Build.0 = Debug|x64
		{1AB03543-0E66-48CB-99FB-919B5C263BF7}.Debug|x86.ActiveCfg = Debug|Win32
		{1AB03543-0E66-48CB-99FB-919B5C263BF7}.Debug|x86.Build.0 = Debug|Win32
		{1AB03543-0E66-48CB-99FB-919B5C263BF7}.Release|x64.ActiveCfg = Release|x64
		{1AB03543-0E66-48CB-99FB-919B5C263BF7}.Release|x64.Build.0 = Release|x64
		{1AB03543-0E66-48CB-99FB-919B5C263BF7}.Release|x86.ActiveCfg = Release|Win32
		{1AB03543-0E66-48CB-99FB-919B5C263BF7}.Release|x86.Build.0 = Release|Win32
		{4487CD3E-18C7-4DEF-9A77-AD8D6D8EAE53}.Debug|x64.ActiveCfg = Debug|x64
		{4487CD3E-18C7-4DEF-9A77-AD8D6D8EAE53}.Debug|x64.Build.0 = Debug|x64
		{4487CD3E-18C7-4DEF-9A77-AD8D6D8EAE53}.Debug|x86.ActiveCfg = Debug|Win32
		{4487CD3E-18C7-4DEF-9A77-AD8D6D8EAE53}.Debug|x86.Build.0 = Debug|Win32
		{4487CD3E-18C7-4DEF-9A77-AD8D6D8EAE53}.Release|x64.ActiveCfg = Release|x64
		{4487CD3E-18C7-4DEF-9A77-AD8D6D8EAE53}.Release|x64.Build.0 = Release|x64
		{4487CD3E-18C7-4DEF-9A77-AD8D6D8EAE53}.Release|x86.ActiveCfg = Release|Win32
		{4487CD3E-18C7-4DEF-9A77-AD8D6D8EAE53}.Release|x86.Build.0 = Release|Win32
		{30F73258-C5B5-42E5-B3A8-F5D85B79DAC1}.Debug|x64.ActiveCfg = Debug|x64
		{30F73258-C5B5-42E5-B3A8-F5D85B79DAC1}.Debug|x64.Build.0 = Debug|x64
		{30F73258-C5B5-42E5-B3A8-F5D85B79DAC1}.Debug|x86.ActiveCfg = Debug|Win32
		{30F73258-C5B5-42E5-B3A8-F5D85B79DAC1}.Debug|x86.Build.0 = Debug|Win32
		{30F73258-C5B5-42E5-B3A8-F5D85B79DAC1}.Release|x64.ActiveCfg = Release|x64
		{30F73258-C5B5-42E5-B3A8-F5D85B79DAC1}.Release|x64.Build.0 = Release|x64
		{30F73258-C5B5-42E5-B3A8-F5D85B79DAC1}.Release|x86.ActiveCfg = Release|Win32
		{30F73258-C5B5-42E5-B3A8-F5D85B79DAC1}.Release|x86.Build.0 = Release|Win32
	EndGlobalSection
	GlobalSection(SolutionProperties) = preSolution
		HideSolutionNode = FALSE
	EndGlobalSection
EndGlobal
