
Microsoft Visual Studio Solution File, Format Version 12.00
# Visual Studio 14
VisualStudioVersion = 14.0.25420.1
MinimumVisualStudioVersion = 10.0.40219.1
Project("{8BC9CEB8-8B4A-11D0-8D11-00A0C91BC942}") = "cas", "cas.vcxproj", "{1AB03543-0E66-48CB-99FB-919B5C263BF7}"
	ProjectSection(ProjectDependencies) = postProject
		{22FAE1AA-6323-4A53-A0B6-3F0FDE65ACE4} = {22FAE1AA-6323-4A53-A0B6-3F0FDE65ACE4}
	EndProjectSection
EndProject
Project("{8BC9CEB8-8B4A-11D0-8D11-00A0C91BC942}") = "tests", "tests\tests.vcxproj", "{4487CD3E-18C7-4DEF-9A77-AD8D6D8EAE53}"
	ProjectSection(ProjectDependencies) = postProject
		{1AB03543-0E66-48CB-99FB-919B5C263BF7} = {1AB03543-0E66-48CB-99FB-919B5C263BF7}
	EndProjectSection
EndProject
Project("{8BC9CEB8-8B4A-11D0-8D11-00A0C91BC942}") = "runner", "runner\runner.vcxproj", "{30F73258-C5B5-42E5-B3A8-F5D85B79DAC1}"
	ProjectSection(ProjectDependencies) = postProject
		{1AB03543-0E66-48CB-99FB-919B5C263BF7} = {1AB03543-0E66-48CB-99FB-919B5C263BF7}
	EndProjectSection
EndProject
Project("{8BC9CEB8-8B4A-11D0-8D11-00A0C91BC942}") = "cacore", "cacore\cacore.vcxproj", "{22FAE1AA-6323-4A53-A0B6-3F0FDE65ACE4}"
	ProjectSection(ProjectDependencies) = postProject
		{745DEC58-EBB3-47A9-A9B8-4C6627C01BF8} = {745DEC58-EBB3-47A9-A9B8-4C6627C01BF8}
	EndProjectSection
EndProject
Project("{2150E333-8FDC-42A3-9474-1A3956D46DE8}") = "Dependency", "Dependency", "{52FC8005-56B8-4664-9BEE-F767477887BA}"
EndProject
Project("{8BC9CEB8-8B4A-11D0-8D11-00A0C91BC942}") = "zlib", "cacore\zlib\contrib\vstudio\zlib.vcxproj", "{745DEC58-EBB3-47A9-A9B8-4C6627C01BF8}"
EndProject
Global
	GlobalSection(SolutionConfigurationPlatforms) = preSolution
		Debug|x64 = Debug|x64
		Debug|x86 = Debug|x86
		Release|x64 = Release|x64
		Release|x86 = Release|x86
	EndGlobalSection
	GlobalSection(ProjectConfigurationPlatforms) = postSolution
		{1AB03543-0E66-48CB-99FB-919B5C263BF7}.Debug|x64.ActiveCfg = Debug|x64
		{1AB03543-0E66-48CB-99FB-919B5C263BF7}.Debug|x64.Build.0 = Debug|x64
		{1AB03543-0E66-48CB-99FB-919B5C263BF7}.Debug|x86.ActiveCfg = Debug|Win32
		{1AB03543-0E66-48CB-99FB-919B5C263BF7}.Debug|x86.Build.0 = Debug|Win32
		{1AB03543-0E66-48CB-99FB-919B5C263BF7}.Release|x64.ActiveCfg = Release|x64
		{1AB03543-0E66-48CB-99FB-919B5C263BF7}.Release|x64.Build.0 = Release|x64
		{1AB03543-0E66-48CB-99FB-919B5C263BF7}.Release|x86.ActiveCfg = Release|Win32
		{1AB03543-0E66-48CB-99FB-919B5C263BF7}.Release|x86.Build.0 = Release|Win32
		{4487CD3E-18C7-4DEF-9A77-AD8D6D8EAE53}.Debug|x64.ActiveCfg = Debug|x64
		{4487CD3E-18C7-4DEF-9A77-AD8D6D8EAE53}.Debug|x64.Build.0 = Debug|x64
		{4487CD3E-18C7-4DEF-9A77-AD8D6D8EAE53}.Debug|x86.ActiveCfg = Debug|Win32
		{4487CD3E-18C7-4DEF-9A77-AD8D6D8EAE53}.Debug|x86.Build.0 = Debug|Win32
		{4487CD3E-18C7-4DEF-9A77-AD8D6D8EAE53}.Release|x64.ActiveCfg = Release|x64
		{4487CD3E-18C7-4DEF-9A77-AD8D6D8EAE53}.Release|x64.Build.0 = Release|x64
		{4487CD3E-18C7-4DEF-9A77-AD8D6D8EAE53}.Release|x86.ActiveCfg = Release|Win32
		{4487CD3E-18C7-4DEF-9A77-AD8D6D8EAE53}.Release|x86.Build.0 = Release|Win32
		{30F73258-C5B5-42E5-B3A8-F5D85B79DAC1}.Debug|x64.ActiveCfg = Debug|x64
		{30F73258-C5B5-42E5-B3A8-F5D85B79DAC1}.Debug|x64.Build.0 = Debug|x64
		{30F73258-C5B5-42E5-B3A8-F5D85B79DAC1}.Debug|x86.ActiveCfg = Debug|Win32
		{30F73258-C5B5-42E5-B3A8-F5D85B79DAC1}.Debug|x86.Build.0 = Debug|Win32
		{30F73258-C5B5-42E5-B3A8-F5D85B79DAC1}.Release|x64.ActiveCfg = Release|x64
		{30F73258-C5B5-42E5-B3A8-F5D85B79DAC1}.Release|x64.Build.0 = Release|x64
		{30F73258-C5B5-42E5-B3A8-F5D85B79DAC1}.Release|x86.ActiveCfg = Release|Win32
		{30F73258-C5B5-42E5-B3A8-F5D85B79DAC1}.Release|x86.Build.0 = Release|Win32
		{22FAE1AA-6323-4A53-A0B6-3F0FDE65ACE4}.Debug|x64.ActiveCfg = Debug|x64
		{22FAE1AA-6323-4A53-A0B6-3F0FDE65ACE4}.Debug|x64.Build.0 = Debug|x64
		{22FAE1AA-6323-4A53-A0B6-3F0FDE65ACE4}.Debug|x86.ActiveCfg = Debug|Win32
		{22FAE1AA-6323-4A53-A0B6-3F0FDE65ACE4}.Debug|x86.Build.0 = Debug|Win32
		{22FAE1AA-6323-4A53-A0B6-3F0FDE65ACE4}.Release|x64.ActiveCfg = Release|x64
		{22FAE1AA-6323-4A53-A0B6-3F0FDE65ACE4}.Release|x64.Build.0 = Release|x64
		{22FAE1AA-6323-4A53-A0B6-3F0FDE65ACE4}.Release|x86.ActiveCfg = Release|Win32
		{22FAE1AA-6323-4A53-A0B6-3F0FDE65ACE4}.Release|x86.Build.0 = Release|Win32
		{745DEC58-EBB3-47A9-A9B8-4C6627C01BF8}.Debug|x64.ActiveCfg = Debug|Win32
		{745DEC58-EBB3-47A9-A9B8-4C6627C01BF8}.Debug|x86.ActiveCfg = Debug|Win32
		{745DEC58-EBB3-47A9-A9B8-4C6627C01BF8}.Debug|x86.Build.0 = Debug|Win32
		{745DEC58-EBB3-47A9-A9B8-4C6627C01BF8}.Release|x64.ActiveCfg = Release|Win32
		{745DEC58-EBB3-47A9-A9B8-4C6627C01BF8}.Release|x86.ActiveCfg = Release|Win32
		{745DEC58-EBB3-47A9-A9B8-4C6627C01BF8}.Release|x86.Build.0 = Release|Win32
	EndGlobalSection
	GlobalSection(SolutionProperties) = preSolution
		HideSolutionNode = FALSE
	EndGlobalSection
	GlobalSection(NestedProjects) = preSolution
		{22FAE1AA-6323-4A53-A0B6-3F0FDE65ACE4} = {52FC8005-56B8-4664-9BEE-F767477887BA}
		{745DEC58-EBB3-47A9-A9B8-4C6627C01BF8} = {52FC8005-56B8-4664-9BEE-F767477887BA}
	EndGlobalSection
EndGlobal
